
Microsoft Visual Studio Solution File, Format Version 12.00
Project("{FAE04EC0-301F-11D3-BF4B-00C04F79EFBC}") = "ServerMonitoringService", "ServerMonitoringService\ServerMonitoringService.csproj", "{F3557B20-4F82-4E01-ABB2-AA6783227EF5}"
EndProject
Project("{FAE04EC0-301F-11D3-BF4B-00C04F79EFBC}") = "MessageProcessingService", "MessageProcessingService\MessageProcessingService.csproj", "{DC7F040A-D708-4F91-B4EC-7F31BC7A0ADE}"
EndProject
Project("{FAE04EC0-301F-11D3-BF4B-00C04F79EFBC}") = "SignalREventConsumerService", "SignalREventConsumerService\SignalREventConsumerService.csproj", "{B0C2995B-3400-4C97-BA62-17E44C2EC2C5}"
EndProject
Project("{FAE04EC0-301F-11D3-BF4B-00C04F79EFBC}") = "SignalRHubService", "SignalRHubService\SignalRHubService.csproj", "{0F21D7DF-D029-49CE-A705-6C306E4E7BA8}"
EndProject
Global
	GlobalSection(SolutionConfigurationPlatforms) = preSolution
		Debug|Any CPU = Debug|Any CPU
		Release|Any CPU = Release|Any CPU
	EndGlobalSection
	GlobalSection(ProjectConfigurationPlatforms) = postSolution
		{F3557B20-4F82-4E01-ABB2-AA6783227EF5}.Debug|Any CPU.ActiveCfg = Debug|Any CPU
		{F3557B20-4F82-4E01-ABB2-AA6783227EF5}.Debug|Any CPU.Build.0 = Debug|Any CPU
		{F3557B20-4F82-4E01-ABB2-AA6783227EF5}.Release|Any CPU.ActiveCfg = Release|Any CPU
		{F3557B20-4F82-4E01-ABB2-AA6783227EF5}.Release|Any CPU.Build.0 = Release|Any CPU
		{DC7F040A-D708-4F91-B4EC-7F31BC7A0ADE}.Debug|Any CPU.ActiveCfg = Debug|Any CPU
		{DC7F040A-D708-4F91-B4EC-7F31BC7A0ADE}.Debug|Any CPU.Build.0 = Debug|Any CPU
		{DC7F040A-D708-4F91-B4EC-7F31BC7A0ADE}.Release|Any CPU.ActiveCfg = Release|Any CPU
		{DC7F040A-D708-4F91-B4EC-7F31BC7A0ADE}.Release|Any CPU.Build.0 = Release|Any CPU
		{B0C2995B-3400-4C97-BA62-17E44C2EC2C5}.Debug|Any CPU.ActiveCfg = Debug|Any CPU
		{B0C2995B-3400-4C97-BA62-17E44C2EC2C5}.Debug|Any CPU.Build.0 = Debug|Any CPU
		{B0C2995B-3400-4C97-BA62-17E44C2EC2C5}.Release|Any CPU.ActiveCfg = Release|Any CPU
		{B0C2995B-3400-4C97-BA62-17E44C2EC2C5}.Release|Any CPU.Build.0 = Release|Any CPU
		{0F21D7DF-D029-49CE-A705-6C306E4E7BA8}.Debug|Any CPU.ActiveCfg = Debug|Any CPU
		{0F21D7DF-D029-49CE-A705-6C306E4E7BA8}.Debug|Any CPU.Build.0 = Debug|Any CPU
		{0F21D7DF-D029-49CE-A705-6C306E4E7BA8}.Release|Any CPU.ActiveCfg = Release|Any CPU
		{0F21D7DF-D029-49CE-A705-6C306E4E7BA8}.Release|Any CPU.Build.0 = Release|Any CPU
	EndGlobalSection
EndGlobal
